
Microsoft Visual Studio Solution File, Format Version 12.00
# Visual Studio 15
VisualStudioVersion = 15.0.27703.2042
MinimumVisualStudioVersion = 10.0.40219.1
Project("{FAE04EC0-301F-11D3-BF4B-00C04F79EFBC}") = "Ketoan", "Ketoan.csproj", "{EDB1E554-8A91-431B-8736-62A00102C800}"
EndProject
Project("{FAE04EC0-301F-11D3-BF4B-00C04F79EFBC}") = "Model", "..\Model\Model.csproj", "{2C7BF728-E3A1-48BC-84DA-C82B31CCC0D9}"
EndProject
Global
	GlobalSection(SolutionConfigurationPlatforms) = preSolution
		Debug|Any CPU = Debug|Any CPU
		Release|Any CPU = Release|Any CPU
	EndGlobalSection
	GlobalSection(ProjectConfigurationPlatforms) = postSolution
		{EDB1E554-8A91-431B-8736-62A00102C800}.Debug|Any CPU.ActiveCfg = Debug|Any CPU
		{EDB1E554-8A91-431B-8736-62A00102C800}.Debug|Any CPU.Build.0 = Debug|Any CPU
		{EDB1E554-8A91-431B-8736-62A00102C800}.Release|Any CPU.ActiveCfg = Release|Any CPU
		{EDB1E554-8A91-431B-8736-62A00102C800}.Release|Any CPU.Build.0 = Release|Any CPU
		{2C7BF728-E3A1-48BC-84DA-C82B31CCC0D9}.Debug|Any CPU.ActiveCfg = Debug|Any CPU
		{2C7BF728-E3A1-48BC-84DA-C82B31CCC0D9}.Debug|Any CPU.Build.0 = Debug|Any CPU
		{2C7BF728-E3A1-48BC-84DA-C82B31CCC0D9}.Release|Any CPU.ActiveCfg = Release|Any CPU
		{2C7BF728-E3A1-48BC-84DA-C82B31CCC0D9}.Release|Any CPU.Build.0 = Release|Any CPU
	EndGlobalSection
	GlobalSection(SolutionProperties) = preSolution
		HideSolutionNode = FALSE
	EndGlobalSection
	GlobalSection(ExtensibilityGlobals) = postSolution
		SolutionGuid = {6A012B1F-8BC5-4479-AE28-5545B57F3047}
	EndGlobalSection
EndGlobal
